
Microsoft Visual Studio Solution File, Format Version 12.00
# Visual Studio Version 17
VisualStudioVersion = 17.5.33516.290
MinimumVisualStudioVersion = 10.0.40219.1
Project("{9A19103F-16F7-4668-BE54-9A1E7A4F7556}") = "GithubActionNetCoreAPI", "GithubActionNetCoreAPI\GithubActionNetCoreAPI.csproj", "{1291F474-E917-40CB-8F66-3644A1569294}"
EndProject
Project("{FAE04EC0-301F-11D3-BF4B-00C04F79EFBC}") = "GithubActionsNetCoreAPI.Tests", "GithubActionsNetCoreAPI.Tests\GithubActionsNetCoreAPI.Tests.csproj", "{19643FBB-63E3-4759-BCE2-3A5FE3389996}"
EndProject
Global
	GlobalSection(SolutionConfigurationPlatforms) = preSolution
		Debug|Any CPU = Debug|Any CPU
		Release|Any CPU = Release|Any CPU
	EndGlobalSection
	GlobalSection(ProjectConfigurationPlatforms) = postSolution
		{1291F474-E917-40CB-8F66-3644A1569294}.Debug|Any CPU.ActiveCfg = Debug|Any CPU
		{1291F474-E917-40CB-8F66-3644A1569294}.Debug|Any CPU.Build.0 = Debug|Any CPU
		{1291F474-E917-40CB-8F66-3644A1569294}.Release|Any CPU.ActiveCfg = Release|Any CPU
		{1291F474-E917-40CB-8F66-3644A1569294}.Release|Any CPU.Build.0 = Release|Any CPU
		{19643FBB-63E3-4759-BCE2-3A5FE3389996}.Debug|Any CPU.ActiveCfg = Debug|Any CPU
		{19643FBB-63E3-4759-BCE2-3A5FE3389996}.Debug|Any CPU.Build.0 = Debug|Any CPU
		{19643FBB-63E3-4759-BCE2-3A5FE3389996}.Release|Any CPU.ActiveCfg = Release|Any CPU
		{19643FBB-63E3-4759-BCE2-3A5FE3389996}.Release|Any CPU.Build.0 = Release|Any CPU
	EndGlobalSection
	GlobalSection(SolutionProperties) = preSolution
		HideSolutionNode = FALSE
	EndGlobalSection
	GlobalSection(ExtensibilityGlobals) = postSolution
		SolutionGuid = {D617D980-E6B9-4DB6-93E3-114C5321163F}
	EndGlobalSection
EndGlobal
